
Microsoft Visual Studio Solution File, Format Version 12.00
# Visual Studio Version 17
VisualStudioVersion = 17.4.33205.214
MinimumVisualStudioVersion = 10.0.40219.1
Project("{FAE04EC0-301F-11D3-BF4B-00C04F79EFBC}") = "csharp-ef-players", "csharp-ef-players\csharp-ef-players.csproj", "{3C9B52C6-173D-41A0-BFE9-E6185FFADBDF}"
EndProject
Global
	GlobalSection(SolutionConfigurationPlatforms) = preSolution
		Debug|Any CPU = Debug|Any CPU
		Release|Any CPU = Release|Any CPU
	EndGlobalSection
	GlobalSection(ProjectConfigurationPlatforms) = postSolution
		{3C9B52C6-173D-41A0-BFE9-E6185FFADBDF}.Debug|Any CPU.ActiveCfg = Debug|Any CPU
		{3C9B52C6-173D-41A0-BFE9-E6185FFADBDF}.Debug|Any CPU.Build.0 = Debug|Any CPU
		{3C9B52C6-173D-41A0-BFE9-E6185FFADBDF}.Release|Any CPU.ActiveCfg = Release|Any CPU
		{3C9B52C6-173D-41A0-BFE9-E6185FFADBDF}.Release|Any CPU.Build.0 = Release|Any CPU
	EndGlobalSection
	GlobalSection(SolutionProperties) = preSolution
		HideSolutionNode = FALSE
	EndGlobalSection
	GlobalSection(ExtensibilityGlobals) = postSolution
		SolutionGuid = {80F7B53D-B725-4665-8F86-82DE33DFC958}
	EndGlobalSection
EndGlobal
